
Microsoft Visual Studio Solution File, Format Version 12.00
# Visual Studio Version 17
VisualStudioVersion = 17.1.32414.318
MinimumVisualStudioVersion = 10.0.40219.1
Project("{9A19103F-16F7-4668-BE54-9A1E7A4F7556}") = "Immobilier.Host", "ImmobilierHost\Immobilier.Host.csproj", "{FEBFB632-279E-4E30-9F3F-560B52C47780}"
EndProject
Project("{2150E333-8FDC-42A3-9474-1A3956D46DE8}") = "API", "API", "{58CABB59-2CE9-4F80-9215-DF6A8DB0B1E2}"
EndProject
Project("{2150E333-8FDC-42A3-9474-1A3956D46DE8}") = "Infrastructure", "Infrastructure", "{9FBB8882-9C9F-488A-BEEC-AD706E378349}"
EndProject
Project("{9A19103F-16F7-4668-BE54-9A1E7A4F7556}") = "Immobilier.DataAccess", "DataAccess\Immobilier.DataAccess\Immobilier.DataAccess.csproj", "{130E7370-2823-4DEE-B014-32403B98968D}"
EndProject
Project("{2150E333-8FDC-42A3-9474-1A3956D46DE8}") = "Domain", "Domain", "{BFD3011E-E28E-4054-940C-24220CC5FE19}"
EndProject
Project("{9A19103F-16F7-4668-BE54-9A1E7A4F7556}") = "Immobilier.Domain", "Domain\Immobilier.Domain\Immobilier.Domain.csproj", "{90C70FE8-5C36-48D8-8E83-DEFFFCBE6DA9}"
EndProject
Project("{2150E333-8FDC-42A3-9474-1A3956D46DE8}") = "Core", "Core", "{ACC81657-DE39-4B7A-AEDA-C1B775D26923}"
EndProject
Project("{9A19103F-16F7-4668-BE54-9A1E7A4F7556}") = "Imobbilier.Core", "Core\Imobbilier.Core\Imobbilier.Core.csproj", "{BC0929BC-E76D-436C-B1A4-FADF9EF1F2A3}"
EndProject
Project("{9A19103F-16F7-4668-BE54-9A1E7A4F7556}") = "Immobilier.Infrastructure", "DataAccess\Immobilier.Infrastructure\Immobilier.Infrastructure.csproj", "{165A3FDA-C303-44ED-8F85-CCAB0E5616D8}"
EndProject
Global
	GlobalSection(SolutionConfigurationPlatforms) = preSolution
		Debug|Any CPU = Debug|Any CPU
		Release|Any CPU = Release|Any CPU
	EndGlobalSection
	GlobalSection(ProjectConfigurationPlatforms) = postSolution
		{FEBFB632-279E-4E30-9F3F-560B52C47780}.Debug|Any CPU.ActiveCfg = Debug|Any CPU
		{FEBFB632-279E-4E30-9F3F-560B52C47780}.Debug|Any CPU.Build.0 = Debug|Any CPU
		{FEBFB632-279E-4E30-9F3F-560B52C47780}.Release|Any CPU.ActiveCfg = Release|Any CPU
		{FEBFB632-279E-4E30-9F3F-560B52C47780}.Release|Any CPU.Build.0 = Release|Any CPU
		{130E7370-2823-4DEE-B014-32403B98968D}.Debug|Any CPU.ActiveCfg = Debug|Any CPU
		{130E7370-2823-4DEE-B014-32403B98968D}.Debug|Any CPU.Build.0 = Debug|Any CPU
		{130E7370-2823-4DEE-B014-32403B98968D}.Release|Any CPU.ActiveCfg = Release|Any CPU
		{130E7370-2823-4DEE-B014-32403B98968D}.Release|Any CPU.Build.0 = Release|Any CPU
		{90C70FE8-5C36-48D8-8E83-DEFFFCBE6DA9}.Debug|Any CPU.ActiveCfg = Debug|Any CPU
		{90C70FE8-5C36-48D8-8E83-DEFFFCBE6DA9}.Debug|Any CPU.Build.0 = Debug|Any CPU
		{90C70FE8-5C36-48D8-8E83-DEFFFCBE6DA9}.Release|Any CPU.ActiveCfg = Release|Any CPU
		{90C70FE8-5C36-48D8-8E83-DEFFFCBE6DA9}.Release|Any CPU.Build.0 = Release|Any CPU
		{BC0929BC-E76D-436C-B1A4-FADF9EF1F2A3}.Debug|Any CPU.ActiveCfg = Debug|Any CPU
		{BC0929BC-E76D-436C-B1A4-FADF9EF1F2A3}.Debug|Any CPU.Build.0 = Debug|Any CPU
		{BC0929BC-E76D-436C-B1A4-FADF9EF1F2A3}.Release|Any CPU.ActiveCfg = Release|Any CPU
		{BC0929BC-E76D-436C-B1A4-FADF9EF1F2A3}.Release|Any CPU.Build.0 = Release|Any CPU
		{165A3FDA-C303-44ED-8F85-CCAB0E5616D8}.Debug|Any CPU.ActiveCfg = Debug|Any CPU
		{165A3FDA-C303-44ED-8F85-CCAB0E5616D8}.Debug|Any CPU.Build.0 = Debug|Any CPU
		{165A3FDA-C303-44ED-8F85-CCAB0E5616D8}.Release|Any CPU.ActiveCfg = Release|Any CPU
		{165A3FDA-C303-44ED-8F85-CCAB0E5616D8}.Release|Any CPU.Build.0 = Release|Any CPU
	EndGlobalSection
	GlobalSection(SolutionProperties) = preSolution
		HideSolutionNode = FALSE
	EndGlobalSection
	GlobalSection(NestedProjects) = preSolution
		{FEBFB632-279E-4E30-9F3F-560B52C47780} = {58CABB59-2CE9-4F80-9215-DF6A8DB0B1E2}
		{130E7370-2823-4DEE-B014-32403B98968D} = {9FBB8882-9C9F-488A-BEEC-AD706E378349}
		{90C70FE8-5C36-48D8-8E83-DEFFFCBE6DA9} = {BFD3011E-E28E-4054-940C-24220CC5FE19}
		{BC0929BC-E76D-436C-B1A4-FADF9EF1F2A3} = {ACC81657-DE39-4B7A-AEDA-C1B775D26923}
		{165A3FDA-C303-44ED-8F85-CCAB0E5616D8} = {9FBB8882-9C9F-488A-BEEC-AD706E378349}
	EndGlobalSection
	GlobalSection(ExtensibilityGlobals) = postSolution
		SolutionGuid = {D9A5D8C2-AA23-4BDA-9590-FD0D8965AB89}
	EndGlobalSection
EndGlobal
